{
  "object": {
    "pins": [
      {
        "package": "Amplitude-Swift",
        "repositoryURL": "https://github.com/amplitude/Amplitude-Swift",
        "state": {
          "branch": null,
          "revision": "353b334924d05c67a85d403584a065999a778c2b",
          "version": "1.1.0"
        }
      },
      {
        "package": "analytics-connector-ios",
        "repositoryURL": "https://github.com/amplitude/analytics-connector-ios.git",
        "state": {
          "branch": null,
          "revision": "e2ca17ac735bcbc48b13062484541702ef45153d",
          "version": "1.0.3"
        }
      },
      {
        "package": "Adjust",
        "repositoryURL": "https://github.com/adjust/ios_sdk",
        "state": {
          "branch": null,
          "revision": "cd05aecfcb9af2f5c5f23cac162974e94eab10d4",
          "version": "4.37.2"
        }
      },
      {
        "package": "KovaleeSDK",
        "repositoryURL": "https://github.com/cotyapps/Kovalee-iOS-SDK",
        "state": {
          "branch": "web2app",
          "revision": "3e7bc06d7a7889c85e056c816cf0d7a2ea3c048d",
          "version": null
        }
      },
      {
        "package": "KovaleeAttribution",
        "repositoryURL": "https://github.com/cotyapps/KovaleeAttribution-iOS.git",
        "state": {
          "branch": null,
          "revision": "31ad029f99c612488eb6c4b6c863308e0c2f447c",
          "version": "1.2.0"
        }
      },
      {
        "package": "RevenueCat",
        "repositoryURL": "https://github.com/RevenueCat/purchases-ios",
        "state": {
          "branch": null,
          "revision": "815f6dc5d89bb40325ab3e01998e60c5f4b07ffe",
          "version": "4.31.7"
        }
      }
    ]
  },
  "version": 1
}
