{
  "object": {
    "pins": [
      {
        "package": "Amplitude-Swift",
        "repositoryURL": "https://github.com/amplitude/Amplitude-Swift",
        "state": {
          "branch": null,
          "revision": "07b14d5ee0d1c3fadabd9fea08705a3220f39f84",
          "version": "0.4.7"
        }
      },
      {
        "package": "KovaleeSDK",
        "repositoryURL": "https://github.com/cotyapps/Kovalee-iOS-SDK",
        "state": {
          "branch": null,
          "revision": "c4fe6101a1d9fd16acd8da92561fb5aa4a9ac8a7",
          "version": "1.2.0"
        }
      },
      {
        "package": "RevenueCat",
        "repositoryURL": "https://github.com/RevenueCat/purchases-ios",
        "state": {
          "branch": null,
          "revision": "f2f5314fa92d3556fe23e857b34eeed13934c6fb",
          "version": "4.25.2"
        }
      }
    ]
  },
  "version": 1
}
