{
  "object": {
    "pins": [
      {
        "package": "Amplitude-Swift",
        "repositoryURL": "https://github.com/amplitude/Amplitude-Swift",
        "state": {
          "branch": null,
          "revision": "353b334924d05c67a85d403584a065999a778c2b",
          "version": "1.1.0"
        }
      },
      {
        "package": "analytics-connector-ios",
        "repositoryURL": "https://github.com/amplitude/analytics-connector-ios.git",
        "state": {
          "branch": null,
          "revision": "e2ca17ac735bcbc48b13062484541702ef45153d",
          "version": "1.0.3"
        }
      },
      {
        "package": "KovaleeSDK",
        "repositoryURL": "https://github.com/cotyapps/Kovalee-iOS-SDK",
        "state": {
          "branch": null,
          "revision": "249d9496a6856b82a6a6e46d06e4211eaf545ec9",
          "version": "1.5.8"
        }
      },
      {
        "package": "RevenueCat",
        "repositoryURL": "https://github.com/RevenueCat/purchases-ios",
        "state": {
          "branch": null,
          "revision": "815f6dc5d89bb40325ab3e01998e60c5f4b07ffe",
          "version": "4.31.7"
        }
      }
    ]
  },
  "version": 1
}
